// !$*UTF8*$!
{
	archiveVersion = 1;
	classes = {
	};
	objectVersion = 56;
	objects = {

/* Begin PBXBuildFile section */
		2C0B05782A349D5E00A75D30 /* PlayerRow.swift in Sources */ = {isa = PBXBuildFile; fileRef = 2C0B05772A349D5E00A75D30 /* PlayerRow.swift */; };
		2C0B057A2A349D7A00A75D30 /* Player.swift in Sources */ = {isa = PBXBuildFile; fileRef = 2C0B05792A349D7A00A75D30 /* Player.swift */; };
		2C0B057E2A34A04900A75D30 /* LeaderboardView.swift in Sources */ = {isa = PBXBuildFile; fileRef = 2C0B057D2A34A04900A75D30 /* LeaderboardView.swift */; };
		2C0B05802A34A40D00A75D30 /* MatchRow.swift in Sources */ = {isa = PBXBuildFile; fileRef = 2C0B057F2A34A40D00A75D30 /* MatchRow.swift */; };
		2C0B05842A34A4BD00A75D30 /* Match.swift in Sources */ = {isa = PBXBuildFile; fileRef = 2C0B05832A34A4BD00A75D30 /* Match.swift */; };
		2C0B05862A34A50A00A75D30 /* PlayerMatch.swift in Sources */ = {isa = PBXBuildFile; fileRef = 2C0B05852A34A50A00A75D30 /* PlayerMatch.swift */; };
		2C0B058C2A34B32000A75D30 /* MatchHistoryView.swift in Sources */ = {isa = PBXBuildFile; fileRef = 2C0B058B2A34B32000A75D30 /* MatchHistoryView.swift */; };
		2C0B058E2A34B8CD00A75D30 /* HomeView.swift in Sources */ = {isa = PBXBuildFile; fileRef = 2C0B058D2A34B8CD00A75D30 /* HomeView.swift */; };
		2C0B05902A34BB4700A75D30 /* ContentView.swift in Sources */ = {isa = PBXBuildFile; fileRef = 2C0B058F2A34BB4700A75D30 /* ContentView.swift */; };
		2C0B05932A34CA6100A75D30 /* PlayerRepository.swift in Sources */ = {isa = PBXBuildFile; fileRef = 2C0B05922A34CA6100A75D30 /* PlayerRepository.swift */; };
		2C90756B2A2641FE006BE4CA /* ADACaturApp.swift in Sources */ = {isa = PBXBuildFile; fileRef = 2C90756A2A2641FE006BE4CA /* ADACaturApp.swift */; };
		2C90756F2A2641FF006BE4CA /* Assets.xcassets in Resources */ = {isa = PBXBuildFile; fileRef = 2C90756E2A2641FF006BE4CA /* Assets.xcassets */; };
		2C9075722A2641FF006BE4CA /* Preview Assets.xcassets in Resources */ = {isa = PBXBuildFile; fileRef = 2C9075712A2641FF006BE4CA /* Preview Assets.xcassets */; };
		2C9075842A264F53006BE4CA /* Theme.swift in Sources */ = {isa = PBXBuildFile; fileRef = 2C9075832A264F53006BE4CA /* Theme.swift */; };
		2C9075862A265085006BE4CA /* Constants.swift in Sources */ = {isa = PBXBuildFile; fileRef = 2C9075852A265085006BE4CA /* Constants.swift */; };
		2C9075882A2650E1006BE4CA /* ExampleReusableCode.swift in Sources */ = {isa = PBXBuildFile; fileRef = 2C9075872A2650E1006BE4CA /* ExampleReusableCode.swift */; };
		2CE3AEEE2A2651380022580D /* ExampleModel.swift in Sources */ = {isa = PBXBuildFile; fileRef = 2CE3AEED2A2651380022580D /* ExampleModel.swift */; };
		2CE3AEF02A2651650022580D /* ExampleViewModel.swift in Sources */ = {isa = PBXBuildFile; fileRef = 2CE3AEEF2A2651650022580D /* ExampleViewModel.swift */; };
		2CE3AEF22A2651790022580D /* ExampleUtilities.swift in Sources */ = {isa = PBXBuildFile; fileRef = 2CE3AEF12A2651790022580D /* ExampleUtilities.swift */; };
		B1A18B1F2A2659E20099C5EF /* EloView.swift in Sources */ = {isa = PBXBuildFile; fileRef = B1A18B1E2A2659E20099C5EF /* EloView.swift */; };
		B1A18B212A265A8C0099C5EF /* LoginScreen.swift in Sources */ = {isa = PBXBuildFile; fileRef = B1A18B202A265A8C0099C5EF /* LoginScreen.swift */; };
		B1A18B252A265D1C0099C5EF /* AppleLoginButton.swift in Sources */ = {isa = PBXBuildFile; fileRef = B1A18B242A265D1C0099C5EF /* AppleLoginButton.swift */; };
		B6BEEACC2A3C4DAF007718AB /* RecordMatchView.swift in Sources */ = {isa = PBXBuildFile; fileRef = B6BEEACB2A3C4DAF007718AB /* RecordMatchView.swift */; };
/* End PBXBuildFile section */

/* Begin PBXFileReference section */
		2C0B05772A349D5E00A75D30 /* PlayerRow.swift */ = {isa = PBXFileReference; lastKnownFileType = sourcecode.swift; path = PlayerRow.swift; sourceTree = "<group>"; };
		2C0B05792A349D7A00A75D30 /* Player.swift */ = {isa = PBXFileReference; lastKnownFileType = sourcecode.swift; path = Player.swift; sourceTree = "<group>"; };
		2C0B057D2A34A04900A75D30 /* LeaderboardView.swift */ = {isa = PBXFileReference; lastKnownFileType = sourcecode.swift; path = LeaderboardView.swift; sourceTree = "<group>"; };
		2C0B057F2A34A40D00A75D30 /* MatchRow.swift */ = {isa = PBXFileReference; lastKnownFileType = sourcecode.swift; path = MatchRow.swift; sourceTree = "<group>"; };
		2C0B05832A34A4BD00A75D30 /* Match.swift */ = {isa = PBXFileReference; lastKnownFileType = sourcecode.swift; path = Match.swift; sourceTree = "<group>"; };
		2C0B05852A34A50A00A75D30 /* PlayerMatch.swift */ = {isa = PBXFileReference; lastKnownFileType = sourcecode.swift; path = PlayerMatch.swift; sourceTree = "<group>"; };
		2C0B058B2A34B32000A75D30 /* MatchHistoryView.swift */ = {isa = PBXFileReference; lastKnownFileType = sourcecode.swift; path = MatchHistoryView.swift; sourceTree = "<group>"; };
		2C0B058D2A34B8CD00A75D30 /* HomeView.swift */ = {isa = PBXFileReference; lastKnownFileType = sourcecode.swift; path = HomeView.swift; sourceTree = "<group>"; };
		2C0B058F2A34BB4700A75D30 /* ContentView.swift */ = {isa = PBXFileReference; lastKnownFileType = sourcecode.swift; path = ContentView.swift; sourceTree = "<group>"; };
		2C0B05912A34C17100A75D30 /* ADACatur.entitlements */ = {isa = PBXFileReference; lastKnownFileType = text.plist.entitlements; path = ADACatur.entitlements; sourceTree = "<group>"; };
		2C0B05922A34CA6100A75D30 /* PlayerRepository.swift */ = {isa = PBXFileReference; lastKnownFileType = sourcecode.swift; path = PlayerRepository.swift; sourceTree = "<group>"; };
		2C9075672A2641FE006BE4CA /* ADACatur.app */ = {isa = PBXFileReference; explicitFileType = wrapper.application; includeInIndex = 0; path = ADACatur.app; sourceTree = BUILT_PRODUCTS_DIR; };
		2C90756A2A2641FE006BE4CA /* ADACaturApp.swift */ = {isa = PBXFileReference; lastKnownFileType = sourcecode.swift; path = ADACaturApp.swift; sourceTree = "<group>"; };
		2C90756E2A2641FF006BE4CA /* Assets.xcassets */ = {isa = PBXFileReference; lastKnownFileType = folder.assetcatalog; path = Assets.xcassets; sourceTree = "<group>"; };
		2C9075712A2641FF006BE4CA /* Preview Assets.xcassets */ = {isa = PBXFileReference; lastKnownFileType = folder.assetcatalog; path = "Preview Assets.xcassets"; sourceTree = "<group>"; };
		2C9075832A264F53006BE4CA /* Theme.swift */ = {isa = PBXFileReference; lastKnownFileType = sourcecode.swift; path = Theme.swift; sourceTree = "<group>"; };
		2C9075852A265085006BE4CA /* Constants.swift */ = {isa = PBXFileReference; lastKnownFileType = sourcecode.swift; path = Constants.swift; sourceTree = "<group>"; };
		2C9075872A2650E1006BE4CA /* ExampleReusableCode.swift */ = {isa = PBXFileReference; lastKnownFileType = sourcecode.swift; path = ExampleReusableCode.swift; sourceTree = "<group>"; };
		2CE3AEED2A2651380022580D /* ExampleModel.swift */ = {isa = PBXFileReference; lastKnownFileType = sourcecode.swift; path = ExampleModel.swift; sourceTree = "<group>"; };
		2CE3AEEF2A2651650022580D /* ExampleViewModel.swift */ = {isa = PBXFileReference; lastKnownFileType = sourcecode.swift; path = ExampleViewModel.swift; sourceTree = "<group>"; };
		2CE3AEF12A2651790022580D /* ExampleUtilities.swift */ = {isa = PBXFileReference; lastKnownFileType = sourcecode.swift; path = ExampleUtilities.swift; sourceTree = "<group>"; };
		B1A18B1E2A2659E20099C5EF /* EloView.swift */ = {isa = PBXFileReference; lastKnownFileType = sourcecode.swift; path = EloView.swift; sourceTree = "<group>"; };
		B1A18B202A265A8C0099C5EF /* LoginScreen.swift */ = {isa = PBXFileReference; lastKnownFileType = sourcecode.swift; path = LoginScreen.swift; sourceTree = "<group>"; };
		B1A18B242A265D1C0099C5EF /* AppleLoginButton.swift */ = {isa = PBXFileReference; lastKnownFileType = sourcecode.swift; path = AppleLoginButton.swift; sourceTree = "<group>"; };
		B6BEEACB2A3C4DAF007718AB /* RecordMatchView.swift */ = {isa = PBXFileReference; lastKnownFileType = sourcecode.swift; path = RecordMatchView.swift; sourceTree = "<group>"; };
/* End PBXFileReference section */

/* Begin PBXFrameworksBuildPhase section */
		2C9075642A2641FE006BE4CA /* Frameworks */ = {
			isa = PBXFrameworksBuildPhase;
			buildActionMask = 2147483647;
			files = (
			);
			runOnlyForDeploymentPostprocessing = 0;
		};
/* End PBXFrameworksBuildPhase section */

/* Begin PBXGroup section */
		2C90755E2A2641FE006BE4CA = {
			isa = PBXGroup;
			children = (
				2C9075692A2641FE006BE4CA /* ADACatur */,
				2C9075682A2641FE006BE4CA /* Products */,
			);
			sourceTree = "<group>";
		};
		2C9075682A2641FE006BE4CA /* Products */ = {
			isa = PBXGroup;
			children = (
				2C9075672A2641FE006BE4CA /* ADACatur.app */,
			);
			name = Products;
			sourceTree = "<group>";
		};
		2C9075692A2641FE006BE4CA /* ADACatur */ = {
			isa = PBXGroup;
			children = (
				2C0B05912A34C17100A75D30 /* ADACatur.entitlements */,
				2C9075782A264D8A006BE4CA /* Application */,
				2C90757A2A264E00006BE4CA /* Core */,
				2C9075792A264D97006BE4CA /* Features */,
				2C9075702A2641FF006BE4CA /* Preview Content */,
			);
			path = ADACatur;
			sourceTree = "<group>";
		};
		2C9075702A2641FF006BE4CA /* Preview Content */ = {
			isa = PBXGroup;
			children = (
				2C9075712A2641FF006BE4CA /* Preview Assets.xcassets */,
			);
			path = "Preview Content";
			sourceTree = "<group>";
		};
		2C9075782A264D8A006BE4CA /* Application */ = {
			isa = PBXGroup;
			children = (
				2C90756A2A2641FE006BE4CA /* ADACaturApp.swift */,
			);
			path = Application;
			sourceTree = "<group>";
		};
		2C9075792A264D97006BE4CA /* Features */ = {
			isa = PBXGroup;
			children = (
				2C90757C2A264E21006BE4CA /* Models */,
				2C90757D2A264E2A006BE4CA /* ViewModels */,
				2C90757E2A264E41006BE4CA /* Presenters */,
			);
			path = Features;
			sourceTree = "<group>";
		};
		2C90757A2A264E00006BE4CA /* Core */ = {
			isa = PBXGroup;
			children = (
				2C9075832A264F53006BE4CA /* Theme.swift */,
				2C9075822A264F44006BE4CA /* Constants */,
				2C9075812A264E78006BE4CA /* Resources */,
				2C90757B2A264E0E006BE4CA /* Utilities */,
			);
			path = Core;
			sourceTree = "<group>";
		};
		2C90757B2A264E0E006BE4CA /* Utilities */ = {
			isa = PBXGroup;
			children = (
				2CE3AEF12A2651790022580D /* ExampleUtilities.swift */,
			);
			path = Utilities;
			sourceTree = "<group>";
		};
		2C90757C2A264E21006BE4CA /* Models */ = {
			isa = PBXGroup;
			children = (
				2CE3AEED2A2651380022580D /* ExampleModel.swift */,
				2C0B05792A349D7A00A75D30 /* Player.swift */,
				2C0B05832A34A4BD00A75D30 /* Match.swift */,
				2C0B05852A34A50A00A75D30 /* PlayerMatch.swift */,
			);
			path = Models;
			sourceTree = "<group>";
		};
		2C90757D2A264E2A006BE4CA /* ViewModels */ = {
			isa = PBXGroup;
			children = (
				2CE3AEEF2A2651650022580D /* ExampleViewModel.swift */,
				2C0B05922A34CA6100A75D30 /* PlayerRepository.swift */,
			);
			path = ViewModels;
			sourceTree = "<group>";
		};
		2C90757E2A264E41006BE4CA /* Presenters */ = {
			isa = PBXGroup;
			children = (
				2C9075802A264E56006BE4CA /* Views */,
				2C90757F2A264E4C006BE4CA /* Components */,
			);
			path = Presenters;
			sourceTree = "<group>";
		};
		2C90757F2A264E4C006BE4CA /* Components */ = {
			isa = PBXGroup;
			children = (
				2C9075872A2650E1006BE4CA /* ExampleReusableCode.swift */,
				B1A18B242A265D1C0099C5EF /* AppleLoginButton.swift */,
				2C0B05772A349D5E00A75D30 /* PlayerRow.swift */,
				2C0B057F2A34A40D00A75D30 /* MatchRow.swift */,
			);
			path = Components;
			sourceTree = "<group>";
		};
		2C9075802A264E56006BE4CA /* Views */ = {
			isa = PBXGroup;
			children = (
				B1A18B1E2A2659E20099C5EF /* EloView.swift */,
				B1A18B202A265A8C0099C5EF /* LoginScreen.swift */,
				2C0B057D2A34A04900A75D30 /* LeaderboardView.swift */,
				2C0B058B2A34B32000A75D30 /* MatchHistoryView.swift */,
				2C0B058D2A34B8CD00A75D30 /* HomeView.swift */,
				2C0B058F2A34BB4700A75D30 /* ContentView.swift */,
				B6BEEACB2A3C4DAF007718AB /* RecordMatchView.swift */,
			);
			path = Views;
			sourceTree = "<group>";
		};
		2C9075812A264E78006BE4CA /* Resources */ = {
			isa = PBXGroup;
			children = (
				2C90756E2A2641FF006BE4CA /* Assets.xcassets */,
			);
			path = Resources;
			sourceTree = "<group>";
		};
		2C9075822A264F44006BE4CA /* Constants */ = {
			isa = PBXGroup;
			children = (
				2C9075852A265085006BE4CA /* Constants.swift */,
			);
			path = Constants;
			sourceTree = "<group>";
		};
/* End PBXGroup section */

/* Begin PBXNativeTarget section */
		2C9075662A2641FE006BE4CA /* ADACatur */ = {
			isa = PBXNativeTarget;
			buildConfigurationList = 2C9075752A2641FF006BE4CA /* Build configuration list for PBXNativeTarget "ADACatur" */;
			buildPhases = (
				2C9075632A2641FE006BE4CA /* Sources */,
				2C9075642A2641FE006BE4CA /* Frameworks */,
				2C9075652A2641FE006BE4CA /* Resources */,
			);
			buildRules = (
			);
			dependencies = (
			);
			name = ADACatur;
			productName = ADACatur;
			productReference = 2C9075672A2641FE006BE4CA /* ADACatur.app */;
			productType = "com.apple.product-type.application";
		};
/* End PBXNativeTarget section */

/* Begin PBXProject section */
		2C90755F2A2641FE006BE4CA /* Project object */ = {
			isa = PBXProject;
			attributes = {
				BuildIndependentTargetsInParallel = 1;
				LastSwiftUpdateCheck = 1430;
				LastUpgradeCheck = 1430;
				TargetAttributes = {
					2C9075662A2641FE006BE4CA = {
						CreatedOnToolsVersion = 14.3;
					};
				};
			};
			buildConfigurationList = 2C9075622A2641FE006BE4CA /* Build configuration list for PBXProject "ADACatur" */;
			compatibilityVersion = "Xcode 14.0";
			developmentRegion = en;
			hasScannedForEncodings = 0;
			knownRegions = (
				en,
				Base,
			);
			mainGroup = 2C90755E2A2641FE006BE4CA;
			productRefGroup = 2C9075682A2641FE006BE4CA /* Products */;
			projectDirPath = "";
			projectRoot = "";
			targets = (
				2C9075662A2641FE006BE4CA /* ADACatur */,
			);
		};
/* End PBXProject section */

/* Begin PBXResourcesBuildPhase section */
		2C9075652A2641FE006BE4CA /* Resources */ = {
			isa = PBXResourcesBuildPhase;
			buildActionMask = 2147483647;
			files = (
				2C9075722A2641FF006BE4CA /* Preview Assets.xcassets in Resources */,
				2C90756F2A2641FF006BE4CA /* Assets.xcassets in Resources */,
			);
			runOnlyForDeploymentPostprocessing = 0;
		};
/* End PBXResourcesBuildPhase section */

/* Begin PBXSourcesBuildPhase section */
		2C9075632A2641FE006BE4CA /* Sources */ = {
			isa = PBXSourcesBuildPhase;
			buildActionMask = 2147483647;
			files = (
				2C9075842A264F53006BE4CA /* Theme.swift in Sources */,
				2C0B05932A34CA6100A75D30 /* PlayerRepository.swift in Sources */,
				2C0B05862A34A50A00A75D30 /* PlayerMatch.swift in Sources */,
				2CE3AEF22A2651790022580D /* ExampleUtilities.swift in Sources */,
				B6BEEACC2A3C4DAF007718AB /* RecordMatchView.swift in Sources */,
				2C0B058C2A34B32000A75D30 /* MatchHistoryView.swift in Sources */,
				B1A18B252A265D1C0099C5EF /* AppleLoginButton.swift in Sources */,
				2C0B05842A34A4BD00A75D30 /* Match.swift in Sources */,
				2CE3AEEE2A2651380022580D /* ExampleModel.swift in Sources */,
				2C0B05802A34A40D00A75D30 /* MatchRow.swift in Sources */,
				2C0B05902A34BB4700A75D30 /* ContentView.swift in Sources */,
				2C0B057A2A349D7A00A75D30 /* Player.swift in Sources */,
				2C0B058E2A34B8CD00A75D30 /* HomeView.swift in Sources */,
				2C9075882A2650E1006BE4CA /* ExampleReusableCode.swift in Sources */,
				B1A18B1F2A2659E20099C5EF /* EloView.swift in Sources */,
				2C90756B2A2641FE006BE4CA /* ADACaturApp.swift in Sources */,
				2CE3AEF02A2651650022580D /* ExampleViewModel.swift in Sources */,
				2C0B057E2A34A04900A75D30 /* LeaderboardView.swift in Sources */,
				2C0B05782A349D5E00A75D30 /* PlayerRow.swift in Sources */,
				2C9075862A265085006BE4CA /* Constants.swift in Sources */,
				B1A18B212A265A8C0099C5EF /* LoginScreen.swift in Sources */,
			);
			runOnlyForDeploymentPostprocessing = 0;
		};
/* End PBXSourcesBuildPhase section */

/* Begin XCBuildConfiguration section */
		2C9075732A2641FF006BE4CA /* Debug */ = {
			isa = XCBuildConfiguration;
			buildSettings = {
				ALWAYS_SEARCH_USER_PATHS = NO;
				CLANG_ANALYZER_NONNULL = YES;
				CLANG_ANALYZER_NUMBER_OBJECT_CONVERSION = YES_AGGRESSIVE;
				CLANG_CXX_LANGUAGE_STANDARD = "gnu++20";
				CLANG_ENABLE_MODULES = YES;
				CLANG_ENABLE_OBJC_ARC = YES;
				CLANG_ENABLE_OBJC_WEAK = YES;
				CLANG_WARN_BLOCK_CAPTURE_AUTORELEASING = YES;
				CLANG_WARN_BOOL_CONVERSION = YES;
				CLANG_WARN_COMMA = YES;
				CLANG_WARN_CONSTANT_CONVERSION = YES;
				CLANG_WARN_DEPRECATED_OBJC_IMPLEMENTATIONS = YES;
				CLANG_WARN_DIRECT_OBJC_ISA_USAGE = YES_ERROR;
				CLANG_WARN_DOCUMENTATION_COMMENTS = YES;
				CLANG_WARN_EMPTY_BODY = YES;
				CLANG_WARN_ENUM_CONVERSION = YES;
				CLANG_WARN_INFINITE_RECURSION = YES;
				CLANG_WARN_INT_CONVERSION = YES;
				CLANG_WARN_NON_LITERAL_NULL_CONVERSION = YES;
				CLANG_WARN_OBJC_IMPLICIT_RETAIN_SELF = YES;
				CLANG_WARN_OBJC_LITERAL_CONVERSION = YES;
				CLANG_WARN_OBJC_ROOT_CLASS = YES_ERROR;
				CLANG_WARN_QUOTED_INCLUDE_IN_FRAMEWORK_HEADER = YES;
				CLANG_WARN_RANGE_LOOP_ANALYSIS = YES;
				CLANG_WARN_STRICT_PROTOTYPES = YES;
				CLANG_WARN_SUSPICIOUS_MOVE = YES;
				CLANG_WARN_UNGUARDED_AVAILABILITY = YES_AGGRESSIVE;
				CLANG_WARN_UNREACHABLE_CODE = YES;
				CLANG_WARN__DUPLICATE_METHOD_MATCH = YES;
				COPY_PHASE_STRIP = NO;
				DEBUG_INFORMATION_FORMAT = dwarf;
				ENABLE_STRICT_OBJC_MSGSEND = YES;
				ENABLE_TESTABILITY = YES;
				GCC_C_LANGUAGE_STANDARD = gnu11;
				GCC_DYNAMIC_NO_PIC = NO;
				GCC_NO_COMMON_BLOCKS = YES;
				GCC_OPTIMIZATION_LEVEL = 0;
				GCC_PREPROCESSOR_DEFINITIONS = (
					"DEBUG=1",
					"$(inherited)",
				);
				GCC_WARN_64_TO_32_BIT_CONVERSION = YES;
				GCC_WARN_ABOUT_RETURN_TYPE = YES_ERROR;
				GCC_WARN_UNDECLARED_SELECTOR = YES;
				GCC_WARN_UNINITIALIZED_AUTOS = YES_AGGRESSIVE;
				GCC_WARN_UNUSED_FUNCTION = YES;
				GCC_WARN_UNUSED_VARIABLE = YES;
				IPHONEOS_DEPLOYMENT_TARGET = 16.4;
				MTL_ENABLE_DEBUG_INFO = INCLUDE_SOURCE;
				MTL_FAST_MATH = YES;
				ONLY_ACTIVE_ARCH = YES;
				SDKROOT = iphoneos;
				SWIFT_ACTIVE_COMPILATION_CONDITIONS = DEBUG;
				SWIFT_OPTIMIZATION_LEVEL = "-Onone";
			};
			name = Debug;
		};
		2C9075742A2641FF006BE4CA /* Release */ = {
			isa = XCBuildConfiguration;
			buildSettings = {
				ALWAYS_SEARCH_USER_PATHS = NO;
				CLANG_ANALYZER_NONNULL = YES;
				CLANG_ANALYZER_NUMBER_OBJECT_CONVERSION = YES_AGGRESSIVE;
				CLANG_CXX_LANGUAGE_STANDARD = "gnu++20";
				CLANG_ENABLE_MODULES = YES;
				CLANG_ENABLE_OBJC_ARC = YES;
				CLANG_ENABLE_OBJC_WEAK = YES;
				CLANG_WARN_BLOCK_CAPTURE_AUTORELEASING = YES;
				CLANG_WARN_BOOL_CONVERSION = YES;
				CLANG_WARN_COMMA = YES;
				CLANG_WARN_CONSTANT_CONVERSION = YES;
				CLANG_WARN_DEPRECATED_OBJC_IMPLEMENTATIONS = YES;
				CLANG_WARN_DIRECT_OBJC_ISA_USAGE = YES_ERROR;
				CLANG_WARN_DOCUMENTATION_COMMENTS = YES;
				CLANG_WARN_EMPTY_BODY = YES;
				CLANG_WARN_ENUM_CONVERSION = YES;
				CLANG_WARN_INFINITE_RECURSION = YES;
				CLANG_WARN_INT_CONVERSION = YES;
				CLANG_WARN_NON_LITERAL_NULL_CONVERSION = YES;
				CLANG_WARN_OBJC_IMPLICIT_RETAIN_SELF = YES;
				CLANG_WARN_OBJC_LITERAL_CONVERSION = YES;
				CLANG_WARN_OBJC_ROOT_CLASS = YES_ERROR;
				CLANG_WARN_QUOTED_INCLUDE_IN_FRAMEWORK_HEADER = YES;
				CLANG_WARN_RANGE_LOOP_ANALYSIS = YES;
				CLANG_WARN_STRICT_PROTOTYPES = YES;
				CLANG_WARN_SUSPICIOUS_MOVE = YES;
				CLANG_WARN_UNGUARDED_AVAILABILITY = YES_AGGRESSIVE;
				CLANG_WARN_UNREACHABLE_CODE = YES;
				CLANG_WARN__DUPLICATE_METHOD_MATCH = YES;
				COPY_PHASE_STRIP = NO;
				DEBUG_INFORMATION_FORMAT = "dwarf-with-dsym";
				ENABLE_NS_ASSERTIONS = NO;
				ENABLE_STRICT_OBJC_MSGSEND = YES;
				GCC_C_LANGUAGE_STANDARD = gnu11;
				GCC_NO_COMMON_BLOCKS = YES;
				GCC_WARN_64_TO_32_BIT_CONVERSION = YES;
				GCC_WARN_ABOUT_RETURN_TYPE = YES_ERROR;
				GCC_WARN_UNDECLARED_SELECTOR = YES;
				GCC_WARN_UNINITIALIZED_AUTOS = YES_AGGRESSIVE;
				GCC_WARN_UNUSED_FUNCTION = YES;
				GCC_WARN_UNUSED_VARIABLE = YES;
				IPHONEOS_DEPLOYMENT_TARGET = 16.4;
				MTL_ENABLE_DEBUG_INFO = NO;
				MTL_FAST_MATH = YES;
				SDKROOT = iphoneos;
				SWIFT_COMPILATION_MODE = wholemodule;
				SWIFT_OPTIMIZATION_LEVEL = "-O";
				VALIDATE_PRODUCT = YES;
			};
			name = Release;
		};
		2C9075762A2641FF006BE4CA /* Debug */ = {
			isa = XCBuildConfiguration;
			buildSettings = {
				ASSETCATALOG_COMPILER_APPICON_NAME = AppIcon;
				ASSETCATALOG_COMPILER_GLOBAL_ACCENT_COLOR_NAME = AccentColor;
				CODE_SIGN_ENTITLEMENTS = ADACatur/ADACatur.entitlements;
				CODE_SIGN_IDENTITY = "Apple Development";
				CODE_SIGN_STYLE = Automatic;
				CURRENT_PROJECT_VERSION = 1;
				DEVELOPMENT_ASSET_PATHS = "\"ADACatur/Preview Content\"";
				DEVELOPMENT_TEAM = U43A7X58YW;
				ENABLE_PREVIEWS = YES;
				GENERATE_INFOPLIST_FILE = YES;
				INFOPLIST_KEY_CFBundleDisplayName = "ADA Catur";
				INFOPLIST_KEY_LSApplicationCategoryType = "public.app-category.board-games";
				INFOPLIST_KEY_UIApplicationSceneManifest_Generation = YES;
				INFOPLIST_KEY_UIApplicationSupportsIndirectInputEvents = YES;
				INFOPLIST_KEY_UILaunchScreen_Generation = YES;
				INFOPLIST_KEY_UISupportedInterfaceOrientations_iPad = "UIInterfaceOrientationPortrait UIInterfaceOrientationPortraitUpsideDown UIInterfaceOrientationLandscapeLeft UIInterfaceOrientationLandscapeRight";
				INFOPLIST_KEY_UISupportedInterfaceOrientations_iPhone = "UIInterfaceOrientationPortrait UIInterfaceOrientationLandscapeLeft UIInterfaceOrientationLandscapeRight";
				LD_RUNPATH_SEARCH_PATHS = (
					"$(inherited)",
					"@executable_path/Frameworks",
				);
				MARKETING_VERSION = 1.0;
				PRODUCT_BUNDLE_IDENTIFIER = "com.ada.sig-chess.adacatur-ich";
				PRODUCT_NAME = "$(TARGET_NAME)";
				PROVISIONING_PROFILE_SPECIFIER = "";
				SWIFT_EMIT_LOC_STRINGS = YES;
				SWIFT_VERSION = 5.0;
				TARGETED_DEVICE_FAMILY = "1,2";
			};
			name = Debug;
		};
		2C9075772A2641FF006BE4CA /* Release */ = {
			isa = XCBuildConfiguration;
			buildSettings = {
				ASSETCATALOG_COMPILER_APPICON_NAME = AppIcon;
				ASSETCATALOG_COMPILER_GLOBAL_ACCENT_COLOR_NAME = AccentColor;
				CODE_SIGN_ENTITLEMENTS = ADACatur/ADACatur.entitlements;
				CODE_SIGN_IDENTITY = "Apple Development";
				CODE_SIGN_STYLE = Automatic;
				CURRENT_PROJECT_VERSION = 1;
				DEVELOPMENT_ASSET_PATHS = "\"ADACatur/Preview Content\"";
				DEVELOPMENT_TEAM = U43A7X58YW;
				ENABLE_PREVIEWS = YES;
				GENERATE_INFOPLIST_FILE = YES;
				INFOPLIST_KEY_CFBundleDisplayName = "ADA Catur";
				INFOPLIST_KEY_LSApplicationCategoryType = "public.app-category.board-games";
				INFOPLIST_KEY_UIApplicationSceneManifest_Generation = YES;
				INFOPLIST_KEY_UIApplicationSupportsIndirectInputEvents = YES;
				INFOPLIST_KEY_UILaunchScreen_Generation = YES;
				INFOPLIST_KEY_UISupportedInterfaceOrientations_iPad = "UIInterfaceOrientationPortrait UIInterfaceOrientationPortraitUpsideDown UIInterfaceOrientationLandscapeLeft UIInterfaceOrientationLandscapeRight";
				INFOPLIST_KEY_UISupportedInterfaceOrientations_iPhone = "UIInterfaceOrientationPortrait UIInterfaceOrientationLandscapeLeft UIInterfaceOrientationLandscapeRight";
				LD_RUNPATH_SEARCH_PATHS = (
					"$(inherited)",
					"@executable_path/Frameworks",
				);
				MARKETING_VERSION = 1.0;
				PRODUCT_BUNDLE_IDENTIFIER = "com.ada.sig-chess.adacatur-ich";
				PRODUCT_NAME = "$(TARGET_NAME)";
				PROVISIONING_PROFILE_SPECIFIER = "";
				SWIFT_EMIT_LOC_STRINGS = YES;
				SWIFT_VERSION = 5.0;
				TARGETED_DEVICE_FAMILY = "1,2";
			};
			name = Release;
		};
/* End XCBuildConfiguration section */

/* Begin XCConfigurationList section */
		2C9075622A2641FE006BE4CA /* Build configuration list for PBXProject "ADACatur" */ = {
			isa = XCConfigurationList;
			buildConfigurations = (
				2C9075732A2641FF006BE4CA /* Debug */,
				2C9075742A2641FF006BE4CA /* Release */,
			);
			defaultConfigurationIsVisible = 0;
			defaultConfigurationName = Release;
		};
		2C9075752A2641FF006BE4CA /* Build configuration list for PBXNativeTarget "ADACatur" */ = {
			isa = XCConfigurationList;
			buildConfigurations = (
				2C9075762A2641FF006BE4CA /* Debug */,
				2C9075772A2641FF006BE4CA /* Release */,
			);
			defaultConfigurationIsVisible = 0;
			defaultConfigurationName = Release;
		};
/* End XCConfigurationList section */
	};
	rootObject = 2C90755F2A2641FE006BE4CA /* Project object */;
}
